{
  "name": "hardhat-project",
  "lockfileVersion": 2,
  "requires": true,
  "packages": {
    "": {
      "name": "hardhat-project",
      "dependencies": {
        "@openzeppelin/contracts": "^4.0.0",
        "@uniswap/v3-core": "^1.0.0-rc.2",
        "@uniswap/v3-periphery": "^1.0.0-beta.23"
      }
    },
    "node_modules/@openzeppelin/contracts": {
      "version": "4.0.0",
      "resolved": "https://registry.npmjs.org/@openzeppelin/contracts/-/contracts-4.0.0.tgz",
      "integrity": "sha512-UcIJl/vUVjTr3H1yYXZi7Sr2PlXzBEHVUJKOUlVyzyy0FI8oQCCy0Wx+BuK/fojdnmLeMvUk4KUvhKUybP+C7Q=="
    },
    "node_modules/@uniswap/lib": {
      "version": "4.0.1-alpha",
      "resolved": "https://registry.npmjs.org/@uniswap/lib/-/lib-4.0.1-alpha.tgz",
      "integrity": "sha512-f6UIliwBbRsgVLxIaBANF6w09tYqc6Y/qXdsrbEmXHyFA7ILiKrIwRFXe1yOg8M3cksgVsO9N7yuL2DdCGQKBA==",
      "engines": {
        "node": ">=10"
      }
    },
    "node_modules/@uniswap/v2-core": {
      "version": "1.0.1",
      "resolved": "https://registry.npmjs.org/@uniswap/v2-core/-/v2-core-1.0.1.tgz",
      "integrity": "sha512-MtybtkUPSyysqLY2U210NBDeCHX+ltHt3oADGdjqoThZaFRDKwM6k1Nb3F0A3hk5hwuQvytFWhrWHOEq6nVJ8Q==",
      "engines": {
        "node": ">=10"
      }
    },
    "node_modules/@uniswap/v3-core": {
      "version": "1.0.0-rc.2",
      "resolved": "https://registry.npmjs.org/@uniswap/v3-core/-/v3-core-1.0.0-rc.2.tgz",
      "integrity": "sha512-vsqkqAHPCKsVi0nWwWeX+mHnSTJ8ZUdu1zAVXB9Mj9A+aeBQGV9foRKs9ufDGJq7S1nqmz+7FdjSOcVoeiUqgQ==",
      "engines": {
        "node": ">=10"
      }
    },
    "node_modules/@uniswap/v3-periphery": {
      "version": "1.0.0-beta.23",
      "resolved": "https://registry.npmjs.org/@uniswap/v3-periphery/-/v3-periphery-1.0.0-beta.23.tgz",
      "integrity": "sha512-5cvK8/ITIVql+iZdPd0TR5EiNNm55ejAspjIxcsnGKyflaeQb+ePw6X4HTruTPGvPoaFvk+UirYeezUspXhlcg==",
      "dependencies": {
        "@openzeppelin/contracts": "3.4.1-solc-0.7-2",
        "@uniswap/lib": "^4.0.1-alpha",
        "@uniswap/v2-core": "1.0.1",
        "@uniswap/v3-core": "1.0.0-rc.2",
        "base64-sol": "1.0.1"
      },
      "engines": {
        "node": ">=10"
      }
    },
    "node_modules/@uniswap/v3-periphery/node_modules/@openzeppelin/contracts": {
      "version": "3.4.1-solc-0.7-2",
      "resolved": "https://registry.npmjs.org/@openzeppelin/contracts/-/contracts-3.4.1-solc-0.7-2.tgz",
      "integrity": "sha512-tAG9LWg8+M2CMu7hIsqHPaTyG4uDzjr6mhvH96LvOpLZZj6tgzTluBt+LsCf1/QaYrlis6pITvpIaIhE+iZB+Q=="
    },
    "node_modules/base64-sol": {
      "version": "1.0.1",
      "resolved": "https://registry.npmjs.org/base64-sol/-/base64-sol-1.0.1.tgz",
      "integrity": "sha512-ld3cCNMeXt4uJXmLZBHFGMvVpK9KsLVEhPpFRXnvSVAqABKbuNZg/+dsq3NuM+wxFLb/UrVkz7m1ciWmkMfTbg=="
    }
  },
  "dependencies": {
    "@openzeppelin/contracts": {
      "version": "4.0.0",
      "resolved": "https://registry.npmjs.org/@openzeppelin/contracts/-/contracts-4.0.0.tgz",
      "integrity": "sha512-UcIJl/vUVjTr3H1yYXZi7Sr2PlXzBEHVUJKOUlVyzyy0FI8oQCCy0Wx+BuK/fojdnmLeMvUk4KUvhKUybP+C7Q=="
    },
    "@uniswap/lib": {
      "version": "4.0.1-alpha",
      "resolved": "https://registry.npmjs.org/@uniswap/lib/-/lib-4.0.1-alpha.tgz",
      "integrity": "sha512-f6UIliwBbRsgVLxIaBANF6w09tYqc6Y/qXdsrbEmXHyFA7ILiKrIwRFXe1yOg8M3cksgVsO9N7yuL2DdCGQKBA=="
    },
    "@uniswap/v2-core": {
      "version": "1.0.1",
      "resolved": "https://registry.npmjs.org/@uniswap/v2-core/-/v2-core-1.0.1.tgz",
      "integrity": "sha512-MtybtkUPSyysqLY2U210NBDeCHX+ltHt3oADGdjqoThZaFRDKwM6k1Nb3F0A3hk5hwuQvytFWhrWHOEq6nVJ8Q=="
    },
    "@uniswap/v3-core": {
      "version": "1.0.0-rc.2",
      "resolved": "https://registry.npmjs.org/@uniswap/v3-core/-/v3-core-1.0.0-rc.2.tgz",
      "integrity": "sha512-vsqkqAHPCKsVi0nWwWeX+mHnSTJ8ZUdu1zAVXB9Mj9A+aeBQGV9foRKs9ufDGJq7S1nqmz+7FdjSOcVoeiUqgQ=="
    },
    "@uniswap/v3-periphery": {
      "version": "1.0.0-beta.23",
      "resolved": "https://registry.npmjs.org/@uniswap/v3-periphery/-/v3-periphery-1.0.0-beta.23.tgz",
      "integrity": "sha512-5cvK8/ITIVql+iZdPd0TR5EiNNm55ejAspjIxcsnGKyflaeQb+ePw6X4HTruTPGvPoaFvk+UirYeezUspXhlcg==",
      "requires": {
        "@openzeppelin/contracts": "3.4.1-solc-0.7-2",
        "@uniswap/lib": "^4.0.1-alpha",
        "@uniswap/v2-core": "1.0.1",
        "@uniswap/v3-core": "1.0.0-rc.2",
        "base64-sol": "1.0.1"
      },
      "dependencies": {
        "@openzeppelin/contracts": {
          "version": "3.4.1-solc-0.7-2",
          "resolved": "https://registry.npmjs.org/@openzeppelin/contracts/-/contracts-3.4.1-solc-0.7-2.tgz",
          "integrity": "sha512-tAG9LWg8+M2CMu7hIsqHPaTyG4uDzjr6mhvH96LvOpLZZj6tgzTluBt+LsCf1/QaYrlis6pITvpIaIhE+iZB+Q=="
        }
      }
    },
    "base64-sol": {
      "version": "1.0.1",
      "resolved": "https://registry.npmjs.org/base64-sol/-/base64-sol-1.0.1.tgz",
      "integrity": "sha512-ld3cCNMeXt4uJXmLZBHFGMvVpK9KsLVEhPpFRXnvSVAqABKbuNZg/+dsq3NuM+wxFLb/UrVkz7m1ciWmkMfTbg=="
    }
  }
}
